// !$*UTF8*$!
{
	archiveVersion = 1;
	classes = {
	};
	objectVersion = 55;
	objects = {

/* Begin PBXBuildFile section */
		1154660F280AF768000FCC24 /* TubeTimingApp.swift in Sources */ = {isa = PBXBuildFile; fileRef = 1154660E280AF768000FCC24 /* TubeTimingApp.swift */; };
		11546611280AF768000FCC24 /* ContentView.swift in Sources */ = {isa = PBXBuildFile; fileRef = 11546610280AF768000FCC24 /* ContentView.swift */; };
		11546613280AF76A000FCC24 /* Assets.xcassets in Resources */ = {isa = PBXBuildFile; fileRef = 11546612280AF76A000FCC24 /* Assets.xcassets */; };
		11546616280AF76A000FCC24 /* Preview Assets.xcassets in Resources */ = {isa = PBXBuildFile; fileRef = 11546615280AF76A000FCC24 /* Preview Assets.xcassets */; };
		11546620280AF76A000FCC24 /* TubeTimingTests.swift in Sources */ = {isa = PBXBuildFile; fileRef = 1154661F280AF76A000FCC24 /* TubeTimingTests.swift */; };
		1154662A280AF76A000FCC24 /* TubeTimingUITests.swift in Sources */ = {isa = PBXBuildFile; fileRef = 11546629280AF76A000FCC24 /* TubeTimingUITests.swift */; };
		1154662C280AF76A000FCC24 /* TubeTimingUITestsLaunchTests.swift in Sources */ = {isa = PBXBuildFile; fileRef = 1154662B280AF76A000FCC24 /* TubeTimingUITestsLaunchTests.swift */; };
/* End PBXBuildFile section */

/* Begin PBXContainerItemProxy section */
		1154661C280AF76A000FCC24 /* PBXContainerItemProxy */ = {
			isa = PBXContainerItemProxy;
			containerPortal = 11546603280AF768000FCC24 /* Project object */;
			proxyType = 1;
			remoteGlobalIDString = 1154660A280AF768000FCC24;
			remoteInfo = TubeTiming;
		};
		11546626280AF76A000FCC24 /* PBXContainerItemProxy */ = {
			isa = PBXContainerItemProxy;
			containerPortal = 11546603280AF768000FCC24 /* Project object */;
			proxyType = 1;
			remoteGlobalIDString = 1154660A280AF768000FCC24;
			remoteInfo = TubeTiming;
		};
/* End PBXContainerItemProxy section */

/* Begin PBXFileReference section */
		1154660B280AF768000FCC24 /* TubeTiming.app */ = {isa = PBXFileReference; explicitFileType = wrapper.application; includeInIndex = 0; path = TubeTiming.app; sourceTree = BUILT_PRODUCTS_DIR; };
		1154660E280AF768000FCC24 /* TubeTimingApp.swift */ = {isa = PBXFileReference; lastKnownFileType = sourcecode.swift; path = TubeTimingApp.swift; sourceTree = "<group>"; };
		11546610280AF768000FCC24 /* ContentView.swift */ = {isa = PBXFileReference; lastKnownFileType = sourcecode.swift; path = ContentView.swift; sourceTree = "<group>"; };
		11546612280AF76A000FCC24 /* Assets.xcassets */ = {isa = PBXFileReference; lastKnownFileType = folder.assetcatalog; path = Assets.xcassets; sourceTree = "<group>"; };
		11546615280AF76A000FCC24 /* Preview Assets.xcassets */ = {isa = PBXFileReference; lastKnownFileType = folder.assetcatalog; path = "Preview Assets.xcassets"; sourceTree = "<group>"; };
		1154661B280AF76A000FCC24 /* TubeTimingTests.xctest */ = {isa = PBXFileReference; explicitFileType = wrapper.cfbundle; includeInIndex = 0; path = TubeTimingTests.xctest; sourceTree = BUILT_PRODUCTS_DIR; };
		1154661F280AF76A000FCC24 /* TubeTimingTests.swift */ = {isa = PBXFileReference; lastKnownFileType = sourcecode.swift; path = TubeTimingTests.swift; sourceTree = "<group>"; };
		11546625280AF76A000FCC24 /* TubeTimingUITests.xctest */ = {isa = PBXFileReference; explicitFileType = wrapper.cfbundle; includeInIndex = 0; path = TubeTimingUITests.xctest; sourceTree = BUILT_PRODUCTS_DIR; };
		11546629280AF76A000FCC24 /* TubeTimingUITests.swift */ = {isa = PBXFileReference; lastKnownFileType = sourcecode.swift; path = TubeTimingUITests.swift; sourceTree = "<group>"; };
		1154662B280AF76A000FCC24 /* TubeTimingUITestsLaunchTests.swift */ = {isa = PBXFileReference; lastKnownFileType = sourcecode.swift; path = TubeTimingUITestsLaunchTests.swift; sourceTree = "<group>"; };
/* End PBXFileReference section */

/* Begin PBXFrameworksBuildPhase section */
		11546608280AF768000FCC24 /* Frameworks */ = {
			isa = PBXFrameworksBuildPhase;
			buildActionMask = 2147483647;
			files = (
			);
			runOnlyForDeploymentPostprocessing = 0;
		};
		11546618280AF76A000FCC24 /* Frameworks */ = {
			isa = PBXFrameworksBuildPhase;
			buildActionMask = 2147483647;
			files = (
			);
			runOnlyForDeploymentPostprocessing = 0;
		};
		11546622280AF76A000FCC24 /* Frameworks */ = {
			isa = PBXFrameworksBuildPhase;
			buildActionMask = 2147483647;
			files = (
			);
			runOnlyForDeploymentPostprocessing = 0;
		};
/* End PBXFrameworksBuildPhase section */

/* Begin PBXGroup section */
		11546602280AF768000FCC24 = {
			isa = PBXGroup;
			children = (
				1154660D280AF768000FCC24 /* TubeTiming */,
				1154661E280AF76A000FCC24 /* TubeTimingTests */,
				11546628280AF76A000FCC24 /* TubeTimingUITests */,
				1154660C280AF768000FCC24 /* Products */,
			);
			sourceTree = "<group>";
		};
		1154660C280AF768000FCC24 /* Products */ = {
			isa = PBXGroup;
			children = (
				1154660B280AF768000FCC24 /* TubeTiming.app */,
				1154661B280AF76A000FCC24 /* TubeTimingTests.xctest */,
				11546625280AF76A000FCC24 /* TubeTimingUITests.xctest */,
			);
			name = Products;
			sourceTree = "<group>";
		};
		1154660D280AF768000FCC24 /* TubeTiming */ = {
			isa = PBXGroup;
			children = (
				1154660E280AF768000FCC24 /* TubeTimingApp.swift */,
				11546610280AF768000FCC24 /* ContentView.swift */,
				11546612280AF76A000FCC24 /* Assets.xcassets */,
				11546614280AF76A000FCC24 /* Preview Content */,
			);
			path = TubeTiming;
			sourceTree = "<group>";
		};
		11546614280AF76A000FCC24 /* Preview Content */ = {
			isa = PBXGroup;
			children = (
				11546615280AF76A000FCC24 /* Preview Assets.xcassets */,
			);
			path = "Preview Content";
			sourceTree = "<group>";
		};
		1154661E280AF76A000FCC24 /* TubeTimingTests */ = {
			isa = PBXGroup;
			children = (
				1154661F280AF76A000FCC24 /* TubeTimingTests.swift */,
			);
			path = TubeTimingTests;
			sourceTree = "<group>";
		};
		11546628280AF76A000FCC24 /* TubeTimingUITests */ = {
			isa = PBXGroup;
			children = (
				11546629280AF76A000FCC24 /* TubeTimingUITests.swift */,
				1154662B280AF76A000FCC24 /* TubeTimingUITestsLaunchTests.swift */,
			);
			path = TubeTimingUITests;
			sourceTree = "<group>";
		};
/* End PBXGroup section */

/* Begin PBXNativeTarget section */
		1154660A280AF768000FCC24 /* TubeTiming */ = {
			isa = PBXNativeTarget;
			buildConfigurationList = 1154662F280AF76A000FCC24 /* Build configuration list for PBXNativeTarget "TubeTiming" */;
			buildPhases = (
				11546607280AF768000FCC24 /* Sources */,
				11546608280AF768000FCC24 /* Frameworks */,
				11546609280AF768000FCC24 /* Resources */,
			);
			buildRules = (
			);
			dependencies = (
			);
			name = TubeTiming;
			productName = TubeTiming;
			productReference = 1154660B280AF768000FCC24 /* TubeTiming.app */;
			productType = "com.apple.product-type.application";
		};
		1154661A280AF76A000FCC24 /* TubeTimingTests */ = {
			isa = PBXNativeTarget;
			buildConfigurationList = 11546632280AF76A000FCC24 /* Build configuration list for PBXNativeTarget "TubeTimingTests" */;
			buildPhases = (
				11546617280AF76A000FCC24 /* Sources */,
				11546618280AF76A000FCC24 /* Frameworks */,
				11546619280AF76A000FCC24 /* Resources */,
			);
			buildRules = (
			);
			dependencies = (
				1154661D280AF76A000FCC24 /* PBXTargetDependency */,
			);
			name = TubeTimingTests;
			productName = TubeTimingTests;
			productReference = 1154661B280AF76A000FCC24 /* TubeTimingTests.xctest */;
			productType = "com.apple.product-type.bundle.unit-test";
		};
		11546624280AF76A000FCC24 /* TubeTimingUITests */ = {
			isa = PBXNativeTarget;
			buildConfigurationList = 11546635280AF76A000FCC24 /* Build configuration list for PBXNativeTarget "TubeTimingUITests" */;
			buildPhases = (
				11546621280AF76A000FCC24 /* Sources */,
				11546622280AF76A000FCC24 /* Frameworks */,
				11546623280AF76A000FCC24 /* Resources */,
			);
			buildRules = (
			);
			dependencies = (
				11546627280AF76A000FCC24 /* PBXTargetDependency */,
			);
			name = TubeTimingUITests;
			productName = TubeTimingUITests;
			productReference = 11546625280AF76A000FCC24 /* TubeTimingUITests.xctest */;
			productType = "com.apple.product-type.bundle.ui-testing";
		};
/* End PBXNativeTarget section */

/* Begin PBXProject section */
		11546603280AF768000FCC24 /* Project object */ = {
			isa = PBXProject;
			attributes = {
				BuildIndependentTargetsInParallel = 1;
				LastSwiftUpdateCheck = 1330;
				LastUpgradeCheck = 1330;
				TargetAttributes = {
					1154660A280AF768000FCC24 = {
						CreatedOnToolsVersion = 13.3.1;
					};
					1154661A280AF76A000FCC24 = {
						CreatedOnToolsVersion = 13.3.1;
						TestTargetID = 1154660A280AF768000FCC24;
					};
					11546624280AF76A000FCC24 = {
						CreatedOnToolsVersion = 13.3.1;
						TestTargetID = 1154660A280AF768000FCC24;
					};
				};
			};
			buildConfigurationList = 11546606280AF768000FCC24 /* Build configuration list for PBXProject "TubeTiming" */;
			compatibilityVersion = "Xcode 13.0";
			developmentRegion = en;
			hasScannedForEncodings = 0;
			knownRegions = (
				en,
				Base,
			);
			mainGroup = 11546602280AF768000FCC24;
			productRefGroup = 1154660C280AF768000FCC24 /* Products */;
			projectDirPath = "";
			projectRoot = "";
			targets = (
				1154660A280AF768000FCC24 /* TubeTiming */,
				1154661A280AF76A000FCC24 /* TubeTimingTests */,
				11546624280AF76A000FCC24 /* TubeTimingUITests */,
			);
		};
/* End PBXProject section */

/* Begin PBXResourcesBuildPhase section */
		11546609280AF768000FCC24 /* Resources */ = {
			isa = PBXResourcesBuildPhase;
			buildActionMask = 2147483647;
			files = (
				11546616280AF76A000FCC24 /* Preview Assets.xcassets in Resources */,
				11546613280AF76A000FCC24 /* Assets.xcassets in Resources */,
			);
			runOnlyForDeploymentPostprocessing = 0;
		};
		11546619280AF76A000FCC24 /* Resources */ = {
			isa = PBXResourcesBuildPhase;
			buildActionMask = 2147483647;
			files = (
			);
			runOnlyForDeploymentPostprocessing = 0;
		};
		11546623280AF76A000FCC24 /* Resources */ = {
			isa = PBXResourcesBuildPhase;
			buildActionMask = 2147483647;
			files = (
			);
			runOnlyForDeploymentPostprocessing = 0;
		};
/* End PBXResourcesBuildPhase section */

/* Begin PBXSourcesBuildPhase section */
		11546607280AF768000FCC24 /* Sources */ = {
			isa = PBXSourcesBuildPhase;
			buildActionMask = 2147483647;
			files = (
				11546611280AF768000FCC24 /* ContentView.swift in Sources */,
				1154660F280AF768000FCC24 /* TubeTimingApp.swift in Sources */,
			);
			runOnlyForDeploymentPostprocessing = 0;
		};
		11546617280AF76A000FCC24 /* Sources */ = {
			isa = PBXSourcesBuildPhase;
			buildActionMask = 2147483647;
			files = (
				11546620280AF76A000FCC24 /* TubeTimingTests.swift in Sources */,
			);
			runOnlyForDeploymentPostprocessing = 0;
		};
		11546621280AF76A000FCC24 /* Sources */ = {
			isa = PBXSourcesBuildPhase;
			buildActionMask = 2147483647;
			files = (
				1154662C280AF76A000FCC24 /* TubeTimingUITestsLaunchTests.swift in Sources */,
				1154662A280AF76A000FCC24 /* TubeTimingUITests.swift in Sources */,
			);
			runOnlyForDeploymentPostprocessing = 0;
		};
/* End PBXSourcesBuildPhase section */

/* Begin PBXTargetDependency section */
		1154661D280AF76A000FCC24 /* PBXTargetDependency */ = {
			isa = PBXTargetDependency;
			target = 1154660A280AF768000FCC24 /* TubeTiming */;
			targetProxy = 1154661C280AF76A000FCC24 /* PBXContainerItemProxy */;
		};
		11546627280AF76A000FCC24 /* PBXTargetDependency */ = {
			isa = PBXTargetDependency;
			target = 1154660A280AF768000FCC24 /* TubeTiming */;
			targetProxy = 11546626280AF76A000FCC24 /* PBXContainerItemProxy */;
		};
/* End PBXTargetDependency section */

/* Begin XCBuildConfiguration section */
		1154662D280AF76A000FCC24 /* Debug */ = {
			isa = XCBuildConfiguration;
			buildSettings = {
				ALWAYS_SEARCH_USER_PATHS = NO;
				CLANG_ANALYZER_NONNULL = YES;
				CLANG_ANALYZER_NUMBER_OBJECT_CONVERSION = YES_AGGRESSIVE;
				CLANG_CXX_LANGUAGE_STANDARD = "gnu++17";
				CLANG_ENABLE_MODULES = YES;
				CLANG_ENABLE_OBJC_ARC = YES;
				CLANG_ENABLE_OBJC_WEAK = YES;
				CLANG_WARN_BLOCK_CAPTURE_AUTORELEASING = YES;
				CLANG_WARN_BOOL_CONVERSION = YES;
				CLANG_WARN_COMMA = YES;
				CLANG_WARN_CONSTANT_CONVERSION = YES;
				CLANG_WARN_DEPRECATED_OBJC_IMPLEMENTATIONS = YES;
				CLANG_WARN_DIRECT_OBJC_ISA_USAGE = YES_ERROR;
				CLANG_WARN_DOCUMENTATION_COMMENTS = YES;
				CLANG_WARN_EMPTY_BODY = YES;
				CLANG_WARN_ENUM_CONVERSION = YES;
				CLANG_WARN_INFINITE_RECURSION = YES;
				CLANG_WARN_INT_CONVERSION = YES;
				CLANG_WARN_NON_LITERAL_NULL_CONVERSION = YES;
				CLANG_WARN_OBJC_IMPLICIT_RETAIN_SELF = YES;
				CLANG_WARN_OBJC_LITERAL_CONVERSION = YES;
				CLANG_WARN_OBJC_ROOT_CLASS = YES_ERROR;
				CLANG_WARN_QUOTED_INCLUDE_IN_FRAMEWORK_HEADER = YES;
				CLANG_WARN_RANGE_LOOP_ANALYSIS = YES;
				CLANG_WARN_STRICT_PROTOTYPES = YES;
				CLANG_WARN_SUSPICIOUS_MOVE = YES;
				CLANG_WARN_UNGUARDED_AVAILABILITY = YES_AGGRESSIVE;
				CLANG_WARN_UNREACHABLE_CODE = YES;
				CLANG_WARN__DUPLICATE_METHOD_MATCH = YES;
				COPY_PHASE_STRIP = NO;
				DEBUG_INFORMATION_FORMAT = dwarf;
				ENABLE_STRICT_OBJC_MSGSEND = YES;
				ENABLE_TESTABILITY = YES;
				GCC_C_LANGUAGE_STANDARD = gnu11;
				GCC_DYNAMIC_NO_PIC = NO;
				GCC_NO_COMMON_BLOCKS = YES;
				GCC_OPTIMIZATION_LEVEL = 0;
				GCC_PREPROCESSOR_DEFINITIONS = (
					"DEBUG=1",
					"$(inherited)",
				);
				GCC_WARN_64_TO_32_BIT_CONVERSION = YES;
				GCC_WARN_ABOUT_RETURN_TYPE = YES_ERROR;
				GCC_WARN_UNDECLARED_SELECTOR = YES;
				GCC_WARN_UNINITIALIZED_AUTOS = YES_AGGRESSIVE;
				GCC_WARN_UNUSED_FUNCTION = YES;
				GCC_WARN_UNUSED_VARIABLE = YES;
				IPHONEOS_DEPLOYMENT_TARGET = 15.4;
				MTL_ENABLE_DEBUG_INFO = INCLUDE_SOURCE;
				MTL_FAST_MATH = YES;
				ONLY_ACTIVE_ARCH = YES;
				SDKROOT = iphoneos;
				SWIFT_ACTIVE_COMPILATION_CONDITIONS = DEBUG;
				SWIFT_OPTIMIZATION_LEVEL = "-Onone";
			};
			name = Debug;
		};
		1154662E280AF76A000FCC24 /* Release */ = {
			isa = XCBuildConfiguration;
			buildSettings = {
				ALWAYS_SEARCH_USER_PATHS = NO;
				CLANG_ANALYZER_NONNULL = YES;
				CLANG_ANALYZER_NUMBER_OBJECT_CONVERSION = YES_AGGRESSIVE;
				CLANG_CXX_LANGUAGE_STANDARD = "gnu++17";
				CLANG_ENABLE_MODULES = YES;
				CLANG_ENABLE_OBJC_ARC = YES;
				CLANG_ENABLE_OBJC_WEAK = YES;
				CLANG_WARN_BLOCK_CAPTURE_AUTORELEASING = YES;
				CLANG_WARN_BOOL_CONVERSION = YES;
				CLANG_WARN_COMMA = YES;
				CLANG_WARN_CONSTANT_CONVERSION = YES;
				CLANG_WARN_DEPRECATED_OBJC_IMPLEMENTATIONS = YES;
				CLANG_WARN_DIRECT_OBJC_ISA_USAGE = YES_ERROR;
				CLANG_WARN_DOCUMENTATION_COMMENTS = YES;
				CLANG_WARN_EMPTY_BODY = YES;
				CLANG_WARN_ENUM_CONVERSION = YES;
				CLANG_WARN_INFINITE_RECURSION = YES;
				CLANG_WARN_INT_CONVERSION = YES;
				CLANG_WARN_NON_LITERAL_NULL_CONVERSION = YES;
				CLANG_WARN_OBJC_IMPLICIT_RETAIN_SELF = YES;
				CLANG_WARN_OBJC_LITERAL_CONVERSION = YES;
				CLANG_WARN_OBJC_ROOT_CLASS = YES_ERROR;
				CLANG_WARN_QUOTED_INCLUDE_IN_FRAMEWORK_HEADER = YES;
				CLANG_WARN_RANGE_LOOP_ANALYSIS = YES;
				CLANG_WARN_STRICT_PROTOTYPES = YES;
				CLANG_WARN_SUSPICIOUS_MOVE = YES;
				CLANG_WARN_UNGUARDED_AVAILABILITY = YES_AGGRESSIVE;
				CLANG_WARN_UNREACHABLE_CODE = YES;
				CLANG_WARN__DUPLICATE_METHOD_MATCH = YES;
				COPY_PHASE_STRIP = NO;
				DEBUG_INFORMATION_FORMAT = "dwarf-with-dsym";
				ENABLE_NS_ASSERTIONS = NO;
				ENABLE_STRICT_OBJC_MSGSEND = YES;
				GCC_C_LANGUAGE_STANDARD = gnu11;
				GCC_NO_COMMON_BLOCKS = YES;
				GCC_WARN_64_TO_32_BIT_CONVERSION = YES;
				GCC_WARN_ABOUT_RETURN_TYPE = YES_ERROR;
				GCC_WARN_UNDECLARED_SELECTOR = YES;
				GCC_WARN_UNINITIALIZED_AUTOS = YES_AGGRESSIVE;
				GCC_WARN_UNUSED_FUNCTION = YES;
				GCC_WARN_UNUSED_VARIABLE = YES;
				IPHONEOS_DEPLOYMENT_TARGET = 15.4;
				MTL_ENABLE_DEBUG_INFO = NO;
				MTL_FAST_MATH = YES;
				SDKROOT = iphoneos;
				SWIFT_COMPILATION_MODE = wholemodule;
				SWIFT_OPTIMIZATION_LEVEL = "-O";
				VALIDATE_PRODUCT = YES;
			};
			name = Release;
		};
		11546630280AF76A000FCC24 /* Debug */ = {
			isa = XCBuildConfiguration;
			buildSettings = {
				ASSETCATALOG_COMPILER_APPICON_NAME = AppIcon;
				ASSETCATALOG_COMPILER_GLOBAL_ACCENT_COLOR_NAME = AccentColor;
				CODE_SIGN_STYLE = Automatic;
				CURRENT_PROJECT_VERSION = 1;
				DEVELOPMENT_ASSET_PATHS = "\"TubeTiming/Preview Content\"";
				ENABLE_PREVIEWS = YES;
				GENERATE_INFOPLIST_FILE = YES;
				INFOPLIST_KEY_UIApplicationSceneManifest_Generation = YES;
				INFOPLIST_KEY_UIApplicationSupportsIndirectInputEvents = YES;
				INFOPLIST_KEY_UILaunchScreen_Generation = YES;
				INFOPLIST_KEY_UISupportedInterfaceOrientations_iPad = "UIInterfaceOrientationPortrait UIInterfaceOrientationPortraitUpsideDown UIInterfaceOrientationLandscapeLeft UIInterfaceOrientationLandscapeRight";
				INFOPLIST_KEY_UISupportedInterfaceOrientations_iPhone = "UIInterfaceOrientationPortrait UIInterfaceOrientationLandscapeLeft UIInterfaceOrientationLandscapeRight";
				LD_RUNPATH_SEARCH_PATHS = (
					"$(inherited)",
					"@executable_path/Frameworks",
				);
				MARKETING_VERSION = 1.0;
				PRODUCT_BUNDLE_IDENTIFIER = com.jinlidavid.TubeTiming;
				PRODUCT_NAME = "$(TARGET_NAME)";
				SWIFT_EMIT_LOC_STRINGS = YES;
				SWIFT_VERSION = 5.0;
				TARGETED_DEVICE_FAMILY = "1,2";
			};
			name = Debug;
		};
		11546631280AF76A000FCC24 /* Release */ = {
			isa = XCBuildConfiguration;
			buildSettings = {
				ASSETCATALOG_COMPILER_APPICON_NAME = AppIcon;
				ASSETCATALOG_COMPILER_GLOBAL_ACCENT_COLOR_NAME = AccentColor;
				CODE_SIGN_STYLE = Automatic;
				CURRENT_PROJECT_VERSION = 1;
				DEVELOPMENT_ASSET_PATHS = "\"TubeTiming/Preview Content\"";
				ENABLE_PREVIEWS = YES;
				GENERATE_INFOPLIST_FILE = YES;
				INFOPLIST_KEY_UIApplicationSceneManifest_Generation = YES;
				INFOPLIST_KEY_UIApplicationSupportsIndirectInputEvents = YES;
				INFOPLIST_KEY_UILaunchScreen_Generation = YES;
				INFOPLIST_KEY_UISupportedInterfaceOrientations_iPad = "UIInterfaceOrientationPortrait UIInterfaceOrientationPortraitUpsideDown UIInterfaceOrientationLandscapeLeft UIInterfaceOrientationLandscapeRight";
				INFOPLIST_KEY_UISupportedInterfaceOrientations_iPhone = "UIInterfaceOrientationPortrait UIInterfaceOrientationLandscapeLeft UIInterfaceOrientationLandscapeRight";
				LD_RUNPATH_SEARCH_PATHS = (
					"$(inherited)",
					"@executable_path/Frameworks",
				);
				MARKETING_VERSION = 1.0;
				PRODUCT_BUNDLE_IDENTIFIER = com.jinlidavid.TubeTiming;
				PRODUCT_NAME = "$(TARGET_NAME)";
				SWIFT_EMIT_LOC_STRINGS = YES;
				SWIFT_VERSION = 5.0;
				TARGETED_DEVICE_FAMILY = "1,2";
			};
			name = Release;
		};
		11546633280AF76A000FCC24 /* Debug */ = {
			isa = XCBuildConfiguration;
			buildSettings = {
				ALWAYS_EMBED_SWIFT_STANDARD_LIBRARIES = YES;
				BUNDLE_LOADER = "$(TEST_HOST)";
				CODE_SIGN_STYLE = Automatic;
				CURRENT_PROJECT_VERSION = 1;
				GENERATE_INFOPLIST_FILE = YES;
				IPHONEOS_DEPLOYMENT_TARGET = 15.4;
				MARKETING_VERSION = 1.0;
				PRODUCT_BUNDLE_IDENTIFIER = com.jinlidavid.TubeTimingTests;
				PRODUCT_NAME = "$(TARGET_NAME)";
				SWIFT_EMIT_LOC_STRINGS = NO;
				SWIFT_VERSION = 5.0;
				TARGETED_DEVICE_FAMILY = "1,2";
				TEST_HOST = "$(BUILT_PRODUCTS_DIR)/TubeTiming.app/TubeTiming";
			};
			name = Debug;
		};
		11546634280AF76A000FCC24 /* Release */ = {
			isa = XCBuildConfiguration;
			buildSettings = {
				ALWAYS_EMBED_SWIFT_STANDARD_LIBRARIES = YES;
				BUNDLE_LOADER = "$(TEST_HOST)";
				CODE_SIGN_STYLE = Automatic;
				CURRENT_PROJECT_VERSION = 1;
				GENERATE_INFOPLIST_FILE = YES;
				IPHONEOS_DEPLOYMENT_TARGET = 15.4;
				MARKETING_VERSION = 1.0;
				PRODUCT_BUNDLE_IDENTIFIER = com.jinlidavid.TubeTimingTests;
				PRODUCT_NAME = "$(TARGET_NAME)";
				SWIFT_EMIT_LOC_STRINGS = NO;
				SWIFT_VERSION = 5.0;
				TARGETED_DEVICE_FAMILY = "1,2";
				TEST_HOST = "$(BUILT_PRODUCTS_DIR)/TubeTiming.app/TubeTiming";
			};
			name = Release;
		};
		11546636280AF76A000FCC24 /* Debug */ = {
			isa = XCBuildConfiguration;
			buildSettings = {
				ALWAYS_EMBED_SWIFT_STANDARD_LIBRARIES = YES;
				CODE_SIGN_STYLE = Automatic;
				CURRENT_PROJECT_VERSION = 1;
				GENERATE_INFOPLIST_FILE = YES;
				MARKETING_VERSION = 1.0;
				PRODUCT_BUNDLE_IDENTIFIER = com.jinlidavid.TubeTimingUITests;
				PRODUCT_NAME = "$(TARGET_NAME)";
				SWIFT_EMIT_LOC_STRINGS = NO;
				SWIFT_VERSION = 5.0;
				TARGETED_DEVICE_FAMILY = "1,2";
				TEST_TARGET_NAME = TubeTiming;
			};
			name = Debug;
		};
		11546637280AF76A000FCC24 /* Release */ = {
			isa = XCBuildConfiguration;
			buildSettings = {
				ALWAYS_EMBED_SWIFT_STANDARD_LIBRARIES = YES;
				CODE_SIGN_STYLE = Automatic;
				CURRENT_PROJECT_VERSION = 1;
				GENERATE_INFOPLIST_FILE = YES;
				MARKETING_VERSION = 1.0;
				PRODUCT_BUNDLE_IDENTIFIER = com.jinlidavid.TubeTimingUITests;
				PRODUCT_NAME = "$(TARGET_NAME)";
				SWIFT_EMIT_LOC_STRINGS = NO;
				SWIFT_VERSION = 5.0;
				TARGETED_DEVICE_FAMILY = "1,2";
				TEST_TARGET_NAME = TubeTiming;
			};
			name = Release;
		};
/* End XCBuildConfiguration section */

/* Begin XCConfigurationList section */
		11546606280AF768000FCC24 /* Build configuration list for PBXProject "TubeTiming" */ = {
			isa = XCConfigurationList;
			buildConfigurations = (
				1154662D280AF76A000FCC24 /* Debug */,
				1154662E280AF76A000FCC24 /* Release */,
			);
			defaultConfigurationIsVisible = 0;
			defaultConfigurationName = Release;
		};
		1154662F280AF76A000FCC24 /* Build configuration list for PBXNativeTarget "TubeTiming" */ = {
			isa = XCConfigurationList;
			buildConfigurations = (
				11546630280AF76A000FCC24 /* Debug */,
				11546631280AF76A000FCC24 /* Release */,
			);
			defaultConfigurationIsVisible = 0;
			defaultConfigurationName = Release;
		};
		11546632280AF76A000FCC24 /* Build configuration list for PBXNativeTarget "TubeTimingTests" */ = {
			isa = XCConfigurationList;
			buildConfigurations = (
				11546633280AF76A000FCC24 /* Debug */,
				11546634280AF76A000FCC24 /* Release */,
			);
			defaultConfigurationIsVisible = 0;
			defaultConfigurationName = Release;
		};
		11546635280AF76A000FCC24 /* Build configuration list for PBXNativeTarget "TubeTimingUITests" */ = {
			isa = XCConfigurationList;
			buildConfigurations = (
				11546636280AF76A000FCC24 /* Debug */,
				11546637280AF76A000FCC24 /* Release */,
			);
			defaultConfigurationIsVisible = 0;
			defaultConfigurationName = Release;
		};
/* End XCConfigurationList section */
	};
	rootObject = 11546603280AF768000FCC24 /* Project object */;
}
